
Microsoft Visual Studio Solution File, Format Version 12.00
# Visual Studio 14
VisualStudioVersion = 14.0.25420.1
MinimumVisualStudioVersion = 10.0.40219.1
Project("{8BC9CEB8-8B4A-11D0-8D11-00A0C91BC942}") = "AmlImagePack", "AmlImagePack\AmlImagePack.vcxproj", "{02A8B40E-68D9-4439-A050-3A777971C966}"
EndProject
Project("{8BC9CEB8-8B4A-11D0-8D11-00A0C91BC942}") = "AmlImage", "AmlImage\AmlImage.vcxproj", "{546ADA0C-690B-450F-B665-F887566B7AD1}"
	ProjectSection(ProjectDependencies) = postProject
		{02A8B40E-68D9-4439-A050-3A777971C966} = {02A8B40E-68D9-4439-A050-3A777971C966}
	EndProjectSection
EndProject
Global
	GlobalSection(SolutionConfigurationPlatforms) = preSolution
		Debug|x86 = Debug|x86
		Release|x86 = Release|x86
	EndGlobalSection
	GlobalSection(ProjectConfigurationPlatforms) = postSolution
		{02A8B40E-68D9-4439-A050-3A777971C966}.Debug|x86.ActiveCfg = Debug|Win32
		{02A8B40E-68D9-4439-A050-3A777971C966}.Debug|x86.Build.0 = Debug|Win32
		{02A8B40E-68D9-4439-A050-3A777971C966}.Release|x86.ActiveCfg = Release|Win32
		{02A8B40E-68D9-4439-A050-3A777971C966}.Release|x86.Build.0 = Release|Win32
		{546ADA0C-690B-450F-B665-F887566B7AD1}.Debug|x86.ActiveCfg = Debug|Win32
		{546ADA0C-690B-450F-B665-F887566B7AD1}.Debug|x86.Build.0 = Debug|Win32
		{546ADA0C-690B-450F-B665-F887566B7AD1}.Release|x86.ActiveCfg = Release|Win32
		{546ADA0C-690B-450F-B665-F887566B7AD1}.Release|x86.Build.0 = Release|Win32
	EndGlobalSection
	GlobalSection(SolutionProperties) = preSolution
		HideSolutionNode = FALSE
	EndGlobalSection
EndGlobal
